{
    "_meta": {
        "hash": {
            "sha256": "e6b6cc230e9eaaccb3235d565fd9d5513acc351f0a95778719150878141b155e"
        },
        "pipfile-spec": 6,
        "requires": {
            "python_version": "3.7"
        },
        "sources": [
            {
                "name": "pypi",
                "url": "https://pypi.org/simple",
                "verify_ssl": true
            }
        ]
    },
    "default": {
        "cobra": {
            "hashes": [
                "sha256:027807437de57f4f63fc4ceadf13c569c8baffd5acf1e4c1ecc1e07260edd966",
                "sha256:c1ba04b4eff13f83692cbbbe99c3240fa079d89cb41d50b08b597141a7c91eeb"
            ],
            "index": "pypi",
            "version": "==0.18.1"
        },
        "depinfo": {
            "hashes": [
                "sha256:3d9ba933e7a9d718b9915f75c844a38c5603cd3cdba1816ab95e0b148b100d8f",
                "sha256:e0971be11519a823b126c875e17ad3ad8adaa6a86737395b9dbcef3ca0e77b0c"
            ],
            "markers": "python_version >= '3.7'",
            "version": "==2.2.0"
        },
        "future": {
            "hashes": [
                "sha256:34a17436ed1e96697a86f9de3d15a3b0be01d8bc8de9c1dffd59fb8234ed5307"
            ],
            "markers": "python_version >= '2.6' and python_version not in '3.0, 3.1, 3.2, 3.3'",
            "version": "==0.18.3"
        },
        "importlib-metadata": {
            "hashes": [
                "sha256:43dd286a2cd8995d5eaef7fee2066340423b818ed3fd70adf0bad5f1fac53fed",
                "sha256:92501cdf9cc66ebd3e612f1b4f0c0765dfa42f0fa38ffb319b6bd84dd675d705"
            ],
            "markers": "python_version < '3.8'",
            "version": "==6.6.0"
        },
        "mpmath": {
            "hashes": [
                "sha256:7a28eb2a9774d00c7bc92411c19a89209d5da7c4c9a9e227be8330a23a25b91f",
                "sha256:a0b2b9fe80bbcd81a6647ff13108738cfb482d481d826cc0e02f5b35e5c88d2c"
            ],
            "index": "pypi",
            "version": "==1.3.0"
        },
        "numpy": {
            "hashes": [
                "sha256:1dbe1c91269f880e364526649a52eff93ac30035507ae980d2fed33aaee633ac",
                "sha256:357768c2e4451ac241465157a3e929b265dfac85d9214074985b1786244f2ef3",
                "sha256:3820724272f9913b597ccd13a467cc492a0da6b05df26ea09e78b171a0bb9da6",
                "sha256:4391bd07606be175aafd267ef9bea87cf1b8210c787666ce82073b05f202add1",
                "sha256:4aa48afdce4660b0076a00d80afa54e8a97cd49f457d68a4342d188a09451c1a",
                "sha256:58459d3bad03343ac4b1b42ed14d571b8743dc80ccbf27444f266729df1d6f5b",
                "sha256:5c3c8def4230e1b959671eb959083661b4a0d2e9af93ee339c7dada6759a9470",
                "sha256:5f30427731561ce75d7048ac254dbe47a2ba576229250fb60f0fb74db96501a1",
                "sha256:643843bcc1c50526b3a71cd2ee561cf0d8773f062c8cbaf9ffac9fdf573f83ab",
                "sha256:67c261d6c0a9981820c3a149d255a76918278a6b03b6a036800359aba1256d46",
                "sha256:67f21981ba2f9d7ba9ade60c9e8cbaa8cf8e9ae51673934480e45cf55e953673",
                "sha256:6aaf96c7f8cebc220cdfc03f1d5a31952f027dda050e5a703a0d1c396075e3e7",
                "sha256:7c4068a8c44014b2d55f3c3f574c376b2494ca9cc73d2f1bd692382b6dffe3db",
                "sha256:7c7e5fa88d9ff656e067876e4736379cc962d185d5cd808014a8a928d529ef4e",
                "sha256:7f5ae4f304257569ef3b948810816bc87c9146e8c446053539947eedeaa32786",
                "sha256:82691fda7c3f77c90e62da69ae60b5ac08e87e775b09813559f8901a88266552",
                "sha256:8737609c3bbdd48e380d463134a35ffad3b22dc56295eff6f79fd85bd0eeeb25",
                "sha256:9f411b2c3f3d76bba0865b35a425157c5dcf54937f82bbeb3d3c180789dd66a6",
                "sha256:a6be4cb0ef3b8c9250c19cc122267263093eee7edd4e3fa75395dfda8c17a8e2",
                "sha256:bcb238c9c96c00d3085b264e5c1a1207672577b93fa666c3b14a45240b14123a",
                "sha256:bf2ec4b75d0e9356edea834d1de42b31fe11f726a81dfb2c2112bc1eaa508fcf",
                "sha256:d136337ae3cc69aa5e447e78d8e1514be8c3ec9b54264e680cf0b4bd9011574f",
                "sha256:d4bf4d43077db55589ffc9009c0ba0a94fa4908b9586d6ccce2e0b164c86303c",
                "sha256:d6a96eef20f639e6a97d23e57dd0c1b1069a7b4fd7027482a4c5c451cd7732f4",
                "sha256:d9caa9d5e682102453d96a0ee10c7241b72859b01a941a397fd965f23b3e016b",
                "sha256:dd1c8f6bd65d07d3810b90d02eba7997e32abbdf1277a481d698969e921a3be0",
                "sha256:e31f0bb5928b793169b87e3d1e070f2342b22d5245c755e2b81caa29756246c3",
                "sha256:ecb55251139706669fdec2ff073c98ef8e9a84473e51e716211b41aa0f18e656",
                "sha256:ee5ec40fdd06d62fe5d4084bef4fd50fd4bb6bfd2bf519365f569dc470163ab0",
                "sha256:f17e562de9edf691a42ddb1eb4a5541c20dd3f9e65b09ded2beb0799c0cf29bb",
                "sha256:fdffbfb6832cd0b300995a2b08b8f6fa9f6e856d562800fea9182316d99c4e8e"
            ],
            "markers": "python_version < '3.11' and python_version >= '3.7'",
            "version": "==1.21.6"
        },
        "optlang": {
            "hashes": [
                "sha256:6dbc3b130df78a72333f62e35ac6933b4398424b61cdb07d95f43c0f644ef22e",
                "sha256:84e532d96c7ab65fd5a0f2f0d9acbb18acbbf55da1b491f68ad8baebd46497fd"
            ],
            "markers": "python_version >= '2.7' and python_version not in '3.0, 3.1, 3.2, 3.3, 3.4'",
            "version": "==1.6.1"
        },
        "pandas": {
            "hashes": [
                "sha256:1e4285f5de1012de20ca46b188ccf33521bff61ba5c5ebd78b4fb28e5416a9f1",
                "sha256:2651d75b9a167cc8cc572cf787ab512d16e316ae00ba81874b560586fa1325e0",
                "sha256:2c21778a688d3712d35710501f8001cdbf96eb70a7c587a3d5613573299fdca6",
                "sha256:32e1a26d5ade11b547721a72f9bfc4bd113396947606e00d5b4a5b79b3dcb006",
                "sha256:3345343206546545bc26a05b4602b6a24385b5ec7c75cb6059599e3d56831da2",
                "sha256:344295811e67f8200de2390093aeb3c8309f5648951b684d8db7eee7d1c81fb7",
                "sha256:37f06b59e5bc05711a518aa10beaec10942188dccb48918bb5ae602ccbc9f1a0",
                "sha256:552020bf83b7f9033b57cbae65589c01e7ef1544416122da0c79140c93288f56",
                "sha256:5cce0c6bbeb266b0e39e35176ee615ce3585233092f685b6a82362523e59e5b4",
                "sha256:5f261553a1e9c65b7a310302b9dbac31cf0049a51695c14ebe04e4bfd4a96f02",
                "sha256:60a8c055d58873ad81cae290d974d13dd479b82cbb975c3e1fa2cf1920715296",
                "sha256:62d5b5ce965bae78f12c1c0df0d387899dd4211ec0bdc52822373f13a3a022b9",
                "sha256:7d28a3c65463fd0d0ba8bbb7696b23073efee0510783340a44b08f5e96ffce0c",
                "sha256:8025750767e138320b15ca16d70d5cdc1886e8f9cc56652d89735c016cd8aea6",
                "sha256:8b6dbec5f3e6d5dc80dcfee250e0a2a652b3f28663492f7dab9a24416a48ac39",
                "sha256:a395692046fd8ce1edb4c6295c35184ae0c2bbe787ecbe384251da609e27edcb",
                "sha256:a62949c626dd0ef7de11de34b44c6475db76995c2064e2d99c6498c3dba7fe58",
                "sha256:aaf183a615ad790801fa3cf2fa450e5b6d23a54684fe386f7e3208f8b9bfbef6",
                "sha256:adfeb11be2d54f275142c8ba9bf67acee771b7186a5745249c7d5a06c670136b",
                "sha256:b6b87b2fb39e6383ca28e2829cddef1d9fc9e27e55ad91ca9c435572cdba51bf",
                "sha256:bd971a3f08b745a75a86c00b97f3007c2ea175951286cdda6abe543e687e5f2f",
                "sha256:c69406a2808ba6cf580c2255bcf260b3f214d2664a3a4197d0e640f573b46fd3",
                "sha256:d3bc49af96cd6285030a64779de5b3688633a07eb75c124b0747134a63f4c05f",
                "sha256:fd541ab09e1f80a2a1760032d665f6e032d8e44055d602d65eeea6e6e85498cb",
                "sha256:fe95bae4e2d579812865db2212bb733144e34d0c6785c0685329e5b60fcb85dd"
            ],
            "markers": "python_full_version >= '3.7.1'",
            "version": "==1.3.5"
        },
        "python-dateutil": {
            "hashes": [
                "sha256:0123cacc1627ae19ddf3c27a5de5bd67ee4586fbdd6440d9748f8abb483d3e86",
                "sha256:961d03dc3453ebbc59dbdea9e4e11c5651520a876d0f4db161e8674aae935da9"
            ],
            "markers": "python_version >= '2.7' and python_version not in '3.0, 3.1, 3.2, 3.3'",
            "version": "==2.8.2"
        },
        "python-libsbml-experimental": {
            "hashes": [
                "sha256:0477294fdb8a1293ee003089403ef3465c1673fe4e86cc4d7f15bdecbcd60135",
                "sha256:0aa42428ccc9904d5d74881847e801f717c6163c8affe20990bf7ad482dfc62c",
                "sha256:0d532219867a0bef09785f100dc272f96e516a2f512cb9b3219197bef31465af",
                "sha256:0e64f329fb94fee0c7c10d402c9ed330df9d086680f31947f23ceb1ede5b1217",
                "sha256:14329407ebb2f01ef11c4bfd01fb893d20759823ddec60d6bb63ea2dd4a3838c",
                "sha256:185b08e5c970595d1410ff35a112fa9c8ec0f65938b3b0568e00327e8a84ff31",
                "sha256:19c9444fb7a6b32cee58057f8072505a634fea93ca60af67ea14c89973ea1ec0",
                "sha256:1c82bda361b4c19538caea688404c36f015c6a1b04ead5012f4d043a99f3e73a",
                "sha256:2e7eee315b05e1ff7eb247a2262deaeb02f06441b09f63057a5952dc25975909",
                "sha256:2fd010d86fc699b3dcbf9fd7bea119c114ae872262f38d78e79e6c6966cf6b2b",
                "sha256:3196b674ab74b6c2f6f6315e5f7ba3791393103eca8b3fb87840869cc41d164f",
                "sha256:335f8d33661b3f5b6f756e9dd39e2789a90e59b674517f6e66f4b075eeb6c40e",
                "sha256:421a8ec26155f0ce8d2c6820c1bdbf0f940b3e685555a704f2044d78f9503040",
                "sha256:56992e684317862f98609f574fc20969e9eb7f070d20df5ff87fe37ab3fdd052",
                "sha256:78bdcc2c148586373a91db26e07eb8df22b2a8b6120d3bd9e159ffedf6c9b581",
                "sha256:815d88ac0c0532b08c56a36613d692bc1d6e95417cbade0562e11d808c955a4a",
                "sha256:a6cd2df9b34015bc88de3a872bdd1efa7d303b5cb17566fc4ef09e455e937d76",
                "sha256:b032e68566c82efd9d8ee9d6aa3bf8342a712874f5d94de6f27041631d0bab1f",
                "sha256:b9e927ea2d3c886a285092d420b54b660b00dc205a98dfc3f5b114161a2c8fb8",
                "sha256:bb73c3bbebc9938b96fab2b1297bf69225718345546af19bfea44b191f94802c",
                "sha256:bd415145a2e184005d232bbb7e8e2024f511b54899b4da3ef02177516df6d37a",
                "sha256:cac52de007734b0a3a7a5c4e29259d0549a965f5706441c153bae92f7ed8f4f9",
                "sha256:cdc84da5785d554b5ca493b812ac7bc1bcf9404fbbbc7a0cdd986698ac2031af",
                "sha256:d68d7ff23e75e6f0fed133b52ab66fd6de92955ab5843e6e50d06e20d1c6268d",
                "sha256:dc6bc0506fa87c72b2ff1d3665e15934192e05932ff287b9578272e51a0b84cf",
                "sha256:e03e1b94fb88f385df9152bca4eb0557aa6b9236e21b407274322b0a4c5c9f5b",
                "sha256:e389bff2e2d535923fc1ffe39bdc6993bc7556a322a7211597625b19b53fb8fe",
                "sha256:e9fc04696a5d46f4f3da15fd3327ead7db1f9b0154792fa8b03749a75d592cb7",
                "sha256:e9fd2c52dbb7b1cf7e77f9461fd19dd7fb57d580ae8ba8115d8d470d5363fbb6",
                "sha256:eb7c6eb54a59b6a05c4c4e6a08a49ecd1ea4f9937fdeb409eea5c83057d22a44",
                "sha256:ed0977fe09cf9e3406caeb2a96d1cfe3fd44b3a221f7f891919158bd40215e6a",
                "sha256:f0b85a1f82a07f9c02e40774955470af91777cb56fb8db1ec0a948fa77d055a9",
                "sha256:f34bdac48fdbc301148c5373f2978a97ffdf3da0e08b8d914a3f90d90765ba97",
                "sha256:ff3fa037a4d1bf94c741d76cd47358c49f87b9766cd591cc137ac5d92528f2b5"
            ],
            "version": "==5.18.1"
        },
        "pytz": {
            "hashes": [
                "sha256:1d8ce29db189191fb55338ee6d0387d82ab59f3d00eac103412d64e0ebd0c588",
                "sha256:a151b3abb88eda1d4e34a9814df37de2a80e301e68ba0fd856fb9b46bfbbbffb"
            ],
            "version": "==2023.3"
        },
        "ruamel.yaml": {
            "hashes": [
                "sha256:25d0ee82a0a9a6f44683dcf8c282340def4074a4562f3a24f55695bb254c1693",
                "sha256:baa2d0a5aad2034826c439ce61c142c07082b76f4791d54145e131206e998059"
            ],
            "markers": "python_version >= '3'",
            "version": "==0.17.26"
        },
        "ruamel.yaml.clib": {
            "hashes": [
                "sha256:045e0626baf1c52e5527bd5db361bc83180faaba2ff586e763d3d5982a876a9e",
                "sha256:15910ef4f3e537eea7fe45f8a5d19997479940d9196f357152a09031c5be59f3",
                "sha256:184faeaec61dbaa3cace407cffc5819f7b977e75360e8d5ca19461cd851a5fc5",
                "sha256:1f08fd5a2bea9c4180db71678e850b995d2a5f4537be0e94557668cf0f5f9497",
                "sha256:2aa261c29a5545adfef9296b7e33941f46aa5bbd21164228e833412af4c9c75f",
                "sha256:3110a99e0f94a4a3470ff67fc20d3f96c25b13d24c6980ff841e82bafe827cac",
                "sha256:3243f48ecd450eddadc2d11b5feb08aca941b5cd98c9b1db14b2fd128be8c697",
                "sha256:370445fd795706fd291ab00c9df38a0caed0f17a6fb46b0f607668ecb16ce763",
                "sha256:40d030e2329ce5286d6b231b8726959ebbe0404c92f0a578c0e2482182e38282",
                "sha256:41d0f1fa4c6830176eef5b276af04c89320ea616655d01327d5ce65e50575c94",
                "sha256:4a4d8d417868d68b979076a9be6a38c676eca060785abaa6709c7b31593c35d1",
                "sha256:4b3a93bb9bc662fc1f99c5c3ea8e623d8b23ad22f861eb6fce9377ac07ad6072",
                "sha256:5bc0667c1eb8f83a3752b71b9c4ba55ef7c7058ae57022dd9b29065186a113d9",
                "sha256:721bc4ba4525f53f6a611ec0967bdcee61b31df5a56801281027a3a6d1c2daf5",
                "sha256:763d65baa3b952479c4e972669f679fe490eee058d5aa85da483ebae2009d231",
                "sha256:7bdb4c06b063f6fd55e472e201317a3bb6cdeeee5d5a38512ea5c01e1acbdd93",
                "sha256:8831a2cedcd0f0927f788c5bdf6567d9dc9cc235646a434986a852af1cb54b4b",
                "sha256:91a789b4aa0097b78c93e3dc4b40040ba55bef518f84a40d4442f713b4094acb",
                "sha256:92460ce908546ab69770b2e576e4f99fbb4ce6ab4b245345a3869a0a0410488f",
                "sha256:99e77daab5d13a48a4054803d052ff40780278240a902b880dd37a51ba01a307",
                "sha256:a234a20ae07e8469da311e182e70ef6b199d0fbeb6c6cc2901204dd87fb867e8",
                "sha256:a7b301ff08055d73223058b5c46c55638917f04d21577c95e00e0c4d79201a6b",
                "sha256:be2a7ad8fd8f7442b24323d24ba0b56c51219513cfa45b9ada3b87b76c374d4b",
                "sha256:bf9a6bc4a0221538b1a7de3ed7bca4c93c02346853f44e1cd764be0023cd3640",
                "sha256:c3ca1fbba4ae962521e5eb66d72998b51f0f4d0f608d3c0347a48e1af262efa7",
                "sha256:d000f258cf42fec2b1bbf2863c61d7b8918d31ffee905da62dede869254d3b8a",
                "sha256:d5859983f26d8cd7bb5c287ef452e8aacc86501487634573d260968f753e1d71",
                "sha256:d5e51e2901ec2366b79f16c2299a03e74ba4531ddcfacc1416639c557aef0ad8",
                "sha256:da538167284de58a52109a9b89b8f6a53ff8437dd6dc26d33b57bf6699153122",
                "sha256:debc87a9516b237d0466a711b18b6ebeb17ba9f391eb7f91c649c5c4ec5006c7",
                "sha256:df5828871e6648db72d1c19b4bd24819b80a755c4541d3409f0f7acd0f335c80",
                "sha256:ecdf1a604009bd35c674b9225a8fa609e0282d9b896c03dd441a91e5f53b534e",
                "sha256:efa08d63ef03d079dcae1dfe334f6c8847ba8b645d08df286358b1f5293d24ab",
                "sha256:f01da5790e95815eb5a8a138508c01c758e5f5bc0ce4286c4f7028b8dd7ac3d0",
                "sha256:f34019dced51047d6f70cb9383b2ae2853b7fc4dce65129a5acd49f4f9256646",
                "sha256:f6d3d39611ac2e4f62c3128a9eed45f19a6608670c5a2f4f07f24e8de3441d38"
            ],
            "markers": "python_version < '3.12' and platform_python_implementation == 'CPython'",
            "version": "==0.2.7"
        },
        "six": {
            "hashes": [
                "sha256:1e61c37477a1626458e36f7b1d82aa5c9b094fa4802892072e49de9c60c4c926",
                "sha256:8abb2f1d86890a2dfb989f9a77cfcfd3e47c2a354b01111771326f8aa26e0254"
            ],
            "markers": "python_version >= '2.7' and python_version not in '3.0, 3.1, 3.2, 3.3'",
            "version": "==1.16.0"
        },
        "swiglpk": {
            "hashes": [
                "sha256:04f6cb83058343c4ad78fd405b36eccb07f0e8e4c233bb8dfa6f85e8b397be91",
                "sha256:0a10a28e26d3ef23f6f08ef34309079162260aeb5572ac8f8ee8f1509cc8ec2b",
                "sha256:110edce4f1a4302382953bffe9add0dff987714aaea3279ab85258efe3cf6a2a",
                "sha256:1485295eb227000385b49bd5b81760b5730562479ad0fe648b946dbfa1ff9cfe",
                "sha256:2ac1d07657fe77b86ec91de7fac4e30d4d082c505249fbc9f13a94c63c38b423",
                "sha256:2da701ecc85dfc344dd500afe3c6886dc6b3faf7ec3fbaf5345a529e8edfc587",
                "sha256:3229bb835cd1c6b71add7edee8782f373b51d1b8389e99190471e0606feaf5ae",
                "sha256:3332ff991821372bff82d0c5241a0e65270243d29b0076c47b847d90d4443cb9",
                "sha256:3379cfa3ad0c8443709867cc507ce2936b187285e3b7e97e252b1741144267f7",
                "sha256:33a68f12d97ead6718bc5fcd5c76dd670ef02ab4fdd1ad5c822822311055dc4c",
                "sha256:3b6f94ff554b4a0977707d5b25ef3ad8eb9b9d4659ceb0844b20084f0f809905",
                "sha256:40c0b729b0231b5f953643ebb835d20e3956168c507436a449af00cb399df1b0",
                "sha256:4176f03f51a27bad0af94217c6999b1bfe9297b126bdd815ee1a6a18afe5ff8b",
                "sha256:4cf68f473241488d5504bec9ab1b71df3283a17164070324219ed4c17c184705",
                "sha256:59756d08d3c6e83e1ba0a225c168fd1c0b1f55117dd9d8dcd429ea5ecd0c6513",
                "sha256:5d36763eda34cea6e22667302dcd7161ba5b17fc2520fba28a2ddf7c7fe6eb39",
                "sha256:5e6e4214f07d4879005860b76ed0cc7e6236acc0685342c3e120c8eae113ff57",
                "sha256:69e5e261186080501c9e09152833af14075d5de061f6399f5c34a4f638d7d599",
                "sha256:6a4b807b802e45b0f86ac2860a38d3544f58bfb9df6c3cdebf332f881b44eed2",
                "sha256:6acfa4d3c4e51fc7064451748dadb26bae579a780ebf997212c408c1f4078a9c",
                "sha256:6d4bf6a41834301b4f8f69937fd216cb7fd962b4a9b952f38310b2ca02bb7271",
                "sha256:73eb122066b85fdaaf661b814d23f03c14a131a8ca2c594819de4a8a479d8350",
                "sha256:74aa6abc33ae2235bf2be7512b4eea97a6d7f353a8587bf52f858607beffb66a",
                "sha256:76edf30377e87d8e73fd483e71d3abd9b79b5d005632690798cbcbfe78f4bb3c",
                "sha256:7f8858789b5a57b9837cd1645342f3e54a7011f2323bd7082ae51e6c429a9b1b",
                "sha256:8335d159855d492fdb6b417e801962757d0186043e249da8fe459968d1a91276",
                "sha256:8bf135eab26fa8c8c21013a7bf32061c623f77efd3b2ff0e600edb87b529d2b5",
                "sha256:8f751f4dd9d47da5d206356a9e970ebd66e6f7a80240985909b356fe39c990bb",
                "sha256:9371f68d494ce07088b72a883d15c4c53decfc3fa6294b95154b19232b94324f",
                "sha256:93762c6c3ee3fee1607c3e70d43fb79963475ca7f6908200726fc9d35f76ab91",
                "sha256:93fdf619f802de590f3be5a454fd89b23bb22562e4d775553b4bd8689c3301c6",
                "sha256:95b2e6888704fe5d9c49584cb0373fd02d966dc5dba2ee14589ff4ad4dddcdd0",
                "sha256:96b01db87d82827f1eda4cb251f62382d4f50c45d7f4fa9d56e0a24639fd3d36",
                "sha256:9786898afcc639ea1324f4cb3d62f246618272ce09dfea021ee73381bbb788c1",
                "sha256:9a52b0b51bd1397c22a935d135a17ae3c0c2fcc869820a2c89634281a4293879",
                "sha256:9b933d7ba17c619f5d838b6b3216647bcf8a2e22cd67ea89b0f2e2f50f7be0ae",
                "sha256:ab1c02c3c8e60a0f382ff35bfb4482f9222d74c596fef91c817bf3cede446554",
                "sha256:ca59c82113364c68e37a3a4540446393345ba711d15c9c1b6df52d7a0196b2ec",
                "sha256:cc148b509f24e4cdd58b3d685d05c521ada3cf893696f26363a07280aa39f549",
                "sha256:d57de07605e4f8010f18d833a0c6c558acb6c4b4d17e0e87ff22a71fee6e09ca",
                "sha256:d8fa2528e8d2a35c4fb8dd7ee1a80679c608ece568e9e30c366a5bbfeb852b70",
                "sha256:dcef5b476c95a96398188da794c99df76227fb96612f36c55a462ba41d80a9b8",
                "sha256:e11ac614ffa90332261556708109ceffdc76d7014f54e731d2c17cb622a33892",
                "sha256:e2bce4148a67677e4385598046277b3b108483e18d744598b39097c233b853aa",
                "sha256:e9d4a7ffd4a8ec86b5294518843ad0dacd4d34c36f3432ad0500daacdb004301",
                "sha256:f01dd54e22a4c710d4d8c2a689342df0ccf857838d48a6248e708a0cf8ffd1c1",
                "sha256:f98d49bb844bf302358d47d38a53e63f70370548b63fc826c84be78ecd622b73",
                "sha256:fbeb878a5333adbf85f0469d9a87c4468d4c7de561a5994e8d85acf260c3cf9b"
            ],
            "version": "==5.0.8"
        },
        "sympy": {
            "hashes": [
                "sha256:5939eeffdf9e152172601463626c022a2c27e75cf6278de8d401d50c9d58787b",
                "sha256:df75d738930f6fe9ebe7034e59d56698f29e85f443f743e51e47df0caccc2130"
            ],
            "markers": "python_version >= '3.7'",
            "version": "==1.10.1"
        },
        "typing-extensions": {
            "hashes": [
                "sha256:5cb5f4a79139d699607b3ef622a1dedafa84e115ab0024e0d9c044a9479ca7cb",
                "sha256:fb33085c39dd998ac16d1431ebc293a8b3eedd00fd4a32de0ff79002c19511b4"
            ],
            "markers": "python_version < '3.8'",
            "version": "==4.5.0"
        },
        "zipp": {
            "hashes": [
                "sha256:112929ad649da941c23de50f356a2b5570c954b65150642bccdd66bf194d224b",
                "sha256:48904fc76a60e542af151aded95726c1a5c34ed43ab4134b597665c86d7ad556"
            ],
            "markers": "python_version >= '3.7'",
            "version": "==3.15.0"
        }
    },
    "develop": {}
}
